
Microsoft Visual Studio Solution File, Format Version 12.00
# Visual Studio Version 17
VisualStudioVersion = 17.13.35931.197 d17.13
MinimumVisualStudioVersion = 10.0.40219.1
Project("{FAE04EC0-301F-11D3-BF4B-00C04F79EFBC}") = "CSLabs", "CSLabs\CSLabs.csproj", "{2D352899-6592-411A-8BDD-386CC054E202}"
EndProject
Project("{FAE04EC0-301F-11D3-BF4B-00C04F79EFBC}") = "CSLabs.Tests", "CSLabs.Tests\CSLabs.Tests.csproj", "{F13028EA-175E-4F86-98DB-C29C7FA90C03}"
EndProject
Project("{FAE04EC0-301F-11D3-BF4B-00C04F79EFBC}") = "CSLabs.Extensions", "CSLabs.Extensions\CSLabs.Extensions.csproj", "{C23F26D6-718D-4E9A-B77F-A0CE964D0CD3}"
EndProject
Global
	GlobalSection(SolutionConfigurationPlatforms) = preSolution
		Debug|Any CPU = Debug|Any CPU
		Release|Any CPU = Release|Any CPU
	EndGlobalSection
	GlobalSection(ProjectConfigurationPlatforms) = postSolution
		{2D352899-6592-411A-8BDD-386CC054E202}.Debug|Any CPU.ActiveCfg = Debug|Any CPU
		{2D352899-6592-411A-8BDD-386CC054E202}.Debug|Any CPU.Build.0 = Debug|Any CPU
		{2D352899-6592-411A-8BDD-386CC054E202}.Release|Any CPU.ActiveCfg = Release|Any CPU
		{2D352899-6592-411A-8BDD-386CC054E202}.Release|Any CPU.Build.0 = Release|Any CPU
		{F13028EA-175E-4F86-98DB-C29C7FA90C03}.Debug|Any CPU.ActiveCfg = Debug|Any CPU
		{F13028EA-175E-4F86-98DB-C29C7FA90C03}.Debug|Any CPU.Build.0 = Debug|Any CPU
		{F13028EA-175E-4F86-98DB-C29C7FA90C03}.Release|Any CPU.ActiveCfg = Release|Any CPU
		{F13028EA-175E-4F86-98DB-C29C7FA90C03}.Release|Any CPU.Build.0 = Release|Any CPU
		{C23F26D6-718D-4E9A-B77F-A0CE964D0CD3}.Debug|Any CPU.ActiveCfg = Debug|Any CPU
		{C23F26D6-718D-4E9A-B77F-A0CE964D0CD3}.Debug|Any CPU.Build.0 = Debug|Any CPU
		{C23F26D6-718D-4E9A-B77F-A0CE964D0CD3}.Release|Any CPU.ActiveCfg = Release|Any CPU
		{C23F26D6-718D-4E9A-B77F-A0CE964D0CD3}.Release|Any CPU.Build.0 = Release|Any CPU
	EndGlobalSection
	GlobalSection(SolutionProperties) = preSolution
		HideSolutionNode = FALSE
	EndGlobalSection
	GlobalSection(ExtensibilityGlobals) = postSolution
		SolutionGuid = {41C6C7E5-58AA-4065-ABC0-795B7DC2DE64}
	EndGlobalSection
EndGlobal
